
Microsoft Visual Studio Solution File, Format Version 12.00
# Visual Studio 2012
Project("{FAE04EC0-301F-11D3-BF4B-00C04F79EFBC}") = "SampleTableView", "SampleTableView\SampleTableView.csproj", "{BA123243-EAE9-4908-B276-B060668B804E}"
EndProject
Global
	GlobalSection(SolutionConfigurationPlatforms) = preSolution
		Debug|iPhoneSimulator = Debug|iPhoneSimulator
		Release|iPhone = Release|iPhone
		Release|iPhoneSimulator = Release|iPhoneSimulator
		Debug|iPhone = Debug|iPhone
	EndGlobalSection
	GlobalSection(ProjectConfigurationPlatforms) = postSolution
		{BA123243-EAE9-4908-B276-B060668B804E}.Debug|iPhoneSimulator.ActiveCfg = Debug|iPhoneSimulator
		{BA123243-EAE9-4908-B276-B060668B804E}.Debug|iPhoneSimulator.Build.0 = Debug|iPhoneSimulator
		{BA123243-EAE9-4908-B276-B060668B804E}.Release|iPhone.ActiveCfg = Release|iPhone
		{BA123243-EAE9-4908-B276-B060668B804E}.Release|iPhone.Build.0 = Release|iPhone
		{BA123243-EAE9-4908-B276-B060668B804E}.Release|iPhoneSimulator.ActiveCfg = Release|iPhoneSimulator
		{BA123243-EAE9-4908-B276-B060668B804E}.Release|iPhoneSimulator.Build.0 = Release|iPhoneSimulator
		{BA123243-EAE9-4908-B276-B060668B804E}.Debug|iPhone.ActiveCfg = Debug|iPhone
		{BA123243-EAE9-4908-B276-B060668B804E}.Debug|iPhone.Build.0 = Debug|iPhone
	EndGlobalSection
EndGlobal
